
Microsoft Visual Studio Solution File, Format Version 12.00
# Visual Studio 14
VisualStudioVersion = 14.0.25420.1
MinimumVisualStudioVersion = 10.0.40219.1
Project("{FAE04EC0-301F-11D3-BF4B-00C04F79EFBC}") = "Tests", "Tests\Tests.csproj", "{8B612A80-89BD-4E6E-B109-E9460A95DA72}"
EndProject
Project("{FAE04EC0-301F-11D3-BF4B-00C04F79EFBC}") = "Services", "Models\Services.csproj", "{001E1FEC-2950-4E29-9D11-F44CB093BA05}"
EndProject
Project("{FAE04EC0-301F-11D3-BF4B-00C04F79EFBC}") = "RestSharpExtensions", "RestSharpExtensions\RestSharpExtensions.csproj", "{9A514F2E-EAE6-454C-9F04-3BC795DF2831}"
EndProject
Global
	GlobalSection(SolutionConfigurationPlatforms) = preSolution
		Debug|Any CPU = Debug|Any CPU
		Release|Any CPU = Release|Any CPU
	EndGlobalSection
	GlobalSection(ProjectConfigurationPlatforms) = postSolution
		{8B612A80-89BD-4E6E-B109-E9460A95DA72}.Debug|Any CPU.ActiveCfg = Debug|Any CPU
		{8B612A80-89BD-4E6E-B109-E9460A95DA72}.Debug|Any CPU.Build.0 = Debug|Any CPU
		{8B612A80-89BD-4E6E-B109-E9460A95DA72}.Release|Any CPU.ActiveCfg = Release|Any CPU
		{8B612A80-89BD-4E6E-B109-E9460A95DA72}.Release|Any CPU.Build.0 = Release|Any CPU
		{001E1FEC-2950-4E29-9D11-F44CB093BA05}.Debug|Any CPU.ActiveCfg = Debug|Any CPU
		{001E1FEC-2950-4E29-9D11-F44CB093BA05}.Debug|Any CPU.Build.0 = Debug|Any CPU
		{001E1FEC-2950-4E29-9D11-F44CB093BA05}.Release|Any CPU.ActiveCfg = Release|Any CPU
		{001E1FEC-2950-4E29-9D11-F44CB093BA05}.Release|Any CPU.Build.0 = Release|Any CPU
		{9A514F2E-EAE6-454C-9F04-3BC795DF2831}.Debug|Any CPU.ActiveCfg = Debug|Any CPU
		{9A514F2E-EAE6-454C-9F04-3BC795DF2831}.Debug|Any CPU.Build.0 = Debug|Any CPU
		{9A514F2E-EAE6-454C-9F04-3BC795DF2831}.Release|Any CPU.ActiveCfg = Release|Any CPU
		{9A514F2E-EAE6-454C-9F04-3BC795DF2831}.Release|Any CPU.Build.0 = Release|Any CPU
	EndGlobalSection
	GlobalSection(SolutionProperties) = preSolution
		HideSolutionNode = FALSE
	EndGlobalSection
EndGlobal
